# This file is automatically @generated by Cargo.
# It is not intended for manual editing.
[[package]]
name = "iso_country"
version = "0.1.4"
source = "registry+https://github.com/rust-lang/crates.io-index"
checksum = "20633e788d3948ea7336861fdb09ec247f5dae4267e8f0743fa97de26c28624d"
dependencies = [
 "lazy_static",
]

[[package]]
name = "lazy_static"
version = "1.4.0"
source = "registry+https://github.com/rust-lang/crates.io-index"
checksum = "e2abad23fbc42b3700f2f279844dc832adb2b2eb069b2df918f455c4e18cc646"

[[package]]
name = "pas"
version = "0.1.0"
dependencies = [
 "iso_country",
]
